
Microsoft Visual Studio Solution File, Format Version 12.00
# Visual Studio Version 17
VisualStudioVersion = 17.9.34616.47
MinimumVisualStudioVersion = 10.0.40219.1
Project("{FAE04EC0-301F-11D3-BF4B-00C04F79EFBC}") = "Quản Lý bệnh viện", "Quản Lý bệnh viện\Quản Lý bệnh viện.csproj", "{64609F99-D01F-4B30-9043-B391421AB535}"
EndProject
Global
	GlobalSection(SolutionConfigurationPlatforms) = preSolution
		Debug|Any CPU = Debug|Any CPU
		Release|Any CPU = Release|Any CPU
	EndGlobalSection
	GlobalSection(ProjectConfigurationPlatforms) = postSolution
		{64609F99-D01F-4B30-9043-B391421AB535}.Debug|Any CPU.ActiveCfg = Debug|Any CPU
		{64609F99-D01F-4B30-9043-B391421AB535}.Debug|Any CPU.Build.0 = Debug|Any CPU
		{64609F99-D01F-4B30-9043-B391421AB535}.Release|Any CPU.ActiveCfg = Release|Any CPU
		{64609F99-D01F-4B30-9043-B391421AB535}.Release|Any CPU.Build.0 = Release|Any CPU
	EndGlobalSection
	GlobalSection(SolutionProperties) = preSolution
		HideSolutionNode = FALSE
	EndGlobalSection
	GlobalSection(ExtensibilityGlobals) = postSolution
		SolutionGuid = {28B3F165-9D81-4C45-B435-A186BDBA14F4}
	EndGlobalSection
EndGlobal
